
Microsoft Visual Studio Solution File, Format Version 12.00
# Visual Studio 15
VisualStudioVersion = 15.0.28307.489
MinimumVisualStudioVersion = 10.0.40219.1
Project("{FAE04EC0-301F-11D3-BF4B-00C04F79EFBC}") = "testtesttesttest", "testtesttesttest\testtesttesttest.csproj", "{6DF1F8CA-D30F-48B9-BCDA-2C8ACF55CB36}"
EndProject
Global
	GlobalSection(SolutionConfigurationPlatforms) = preSolution
		Debug|Any CPU = Debug|Any CPU
		Release|Any CPU = Release|Any CPU
	EndGlobalSection
	GlobalSection(ProjectConfigurationPlatforms) = postSolution
		{6DF1F8CA-D30F-48B9-BCDA-2C8ACF55CB36}.Debug|Any CPU.ActiveCfg = Debug|Any CPU
		{6DF1F8CA-D30F-48B9-BCDA-2C8ACF55CB36}.Debug|Any CPU.Build.0 = Debug|Any CPU
		{6DF1F8CA-D30F-48B9-BCDA-2C8ACF55CB36}.Release|Any CPU.ActiveCfg = Release|Any CPU
		{6DF1F8CA-D30F-48B9-BCDA-2C8ACF55CB36}.Release|Any CPU.Build.0 = Release|Any CPU
	EndGlobalSection
	GlobalSection(SolutionProperties) = preSolution
		HideSolutionNode = FALSE
	EndGlobalSection
	GlobalSection(ExtensibilityGlobals) = postSolution
		SolutionGuid = {B8469608-2696-4075-9304-8991A957CDC1}
	EndGlobalSection
EndGlobal
